
Microsoft Visual Studio Solution File, Format Version 12.00
# Visual Studio Version 17
VisualStudioVersion = 17.4.33205.214
MinimumVisualStudioVersion = 10.0.40219.1
Project("{2150E333-8FDC-42A3-9474-1A3956D46DE8}") = "0.MICROSERVICIO_PRUEBA", "0.MICROSERVICIO_PRUEBA", "{262DA59E-2AA0-4821-A655-E2ED961DF01B}"
EndProject
Project("{9A19103F-16F7-4668-BE54-9A1E7A4F7556}") = "LBA_Services_Delegade_Prueba", "LBA_Services_Delegade_Biblioteca\LBA_Services_Delegade_Prueba.csproj", "{81A4B760-0F62-487B-8E27-1891244F0F8E}"
	ProjectSection(ProjectDependencies) = postProject
		{B4EEC98C-FB8B-4ED5-90A9-D1C15DF9FEE8} = {B4EEC98C-FB8B-4ED5-90A9-D1C15DF9FEE8}
	EndProjectSection
EndProject
Project("{9A19103F-16F7-4668-BE54-9A1E7A4F7556}") = "LBA_Negocio", "LBA_Negocio\LBA_Negocio.csproj", "{8F90D062-527F-4CB5-BBA8-0C0427B77FB6}"
EndProject
Project("{9A19103F-16F7-4668-BE54-9A1E7A4F7556}") = "LBA_Infraestructura", "LBA_Infraestructura\LBA_Infraestructura.csproj", "{EAA40391-B326-4B2A-885C-2529AF6B7404}"
EndProject
Project("{9A19103F-16F7-4668-BE54-9A1E7A4F7556}") = "LBA_Dominios", "LBA_Dominios\LBA_Dominios.csproj", "{7495F4C5-37AE-4180-A8D2-AE8EC9BE3C4B}"
EndProject
Project("{FAE04EC0-301F-11D3-BF4B-00C04F79EFBC}") = "LBA_Services", "LBA_Services\LBA_Services\LBA_Services.csproj", "{B4EEC98C-FB8B-4ED5-90A9-D1C15DF9FEE8}"
	ProjectSection(ProjectDependencies) = postProject
		{7495F4C5-37AE-4180-A8D2-AE8EC9BE3C4B} = {7495F4C5-37AE-4180-A8D2-AE8EC9BE3C4B}
	EndProjectSection
EndProject
Global
	GlobalSection(SolutionConfigurationPlatforms) = preSolution
		Debug|Any CPU = Debug|Any CPU
		Debug|ARM = Debug|ARM
		Debug|ARM64 = Debug|ARM64
		Debug|x64 = Debug|x64
		Debug|x86 = Debug|x86
		Release|Any CPU = Release|Any CPU
		Release|ARM = Release|ARM
		Release|ARM64 = Release|ARM64
		Release|x64 = Release|x64
		Release|x86 = Release|x86
	EndGlobalSection
	GlobalSection(ProjectConfigurationPlatforms) = postSolution
		{81A4B760-0F62-487B-8E27-1891244F0F8E}.Debug|Any CPU.ActiveCfg = Debug|Any CPU
		{81A4B760-0F62-487B-8E27-1891244F0F8E}.Debug|Any CPU.Build.0 = Debug|Any CPU
		{81A4B760-0F62-487B-8E27-1891244F0F8E}.Debug|ARM.ActiveCfg = Debug|Any CPU
		{81A4B760-0F62-487B-8E27-1891244F0F8E}.Debug|ARM.Build.0 = Debug|Any CPU
		{81A4B760-0F62-487B-8E27-1891244F0F8E}.Debug|ARM64.ActiveCfg = Debug|Any CPU
		{81A4B760-0F62-487B-8E27-1891244F0F8E}.Debug|ARM64.Build.0 = Debug|Any CPU
		{81A4B760-0F62-487B-8E27-1891244F0F8E}.Debug|x64.ActiveCfg = Debug|Any CPU
		{81A4B760-0F62-487B-8E27-1891244F0F8E}.Debug|x64.Build.0 = Debug|Any CPU
		{81A4B760-0F62-487B-8E27-1891244F0F8E}.Debug|x86.ActiveCfg = Debug|Any CPU
		{81A4B760-0F62-487B-8E27-1891244F0F8E}.Debug|x86.Build.0 = Debug|Any CPU
		{81A4B760-0F62-487B-8E27-1891244F0F8E}.Release|Any CPU.ActiveCfg = Release|Any CPU
		{81A4B760-0F62-487B-8E27-1891244F0F8E}.Release|Any CPU.Build.0 = Release|Any CPU
		{81A4B760-0F62-487B-8E27-1891244F0F8E}.Release|ARM.ActiveCfg = Release|Any CPU
		{81A4B760-0F62-487B-8E27-1891244F0F8E}.Release|ARM.Build.0 = Release|Any CPU
		{81A4B760-0F62-487B-8E27-1891244F0F8E}.Release|ARM64.ActiveCfg = Release|Any CPU
		{81A4B760-0F62-487B-8E27-1891244F0F8E}.Release|ARM64.Build.0 = Release|Any CPU
		{81A4B760-0F62-487B-8E27-1891244F0F8E}.Release|x64.ActiveCfg = Release|Any CPU
		{81A4B760-0F62-487B-8E27-1891244F0F8E}.Release|x64.Build.0 = Release|Any CPU
		{81A4B760-0F62-487B-8E27-1891244F0F8E}.Release|x86.ActiveCfg = Release|Any CPU
		{81A4B760-0F62-487B-8E27-1891244F0F8E}.Release|x86.Build.0 = Release|Any CPU
		{8F90D062-527F-4CB5-BBA8-0C0427B77FB6}.Debug|Any CPU.ActiveCfg = Debug|Any CPU
		{8F90D062-527F-4CB5-BBA8-0C0427B77FB6}.Debug|Any CPU.Build.0 = Debug|Any CPU
		{8F90D062-527F-4CB5-BBA8-0C0427B77FB6}.Debug|ARM.ActiveCfg = Debug|Any CPU
		{8F90D062-527F-4CB5-BBA8-0C0427B77FB6}.Debug|ARM.Build.0 = Debug|Any CPU
		{8F90D062-527F-4CB5-BBA8-0C0427B77FB6}.Debug|ARM64.ActiveCfg = Debug|Any CPU
		{8F90D062-527F-4CB5-BBA8-0C0427B77FB6}.Debug|ARM64.Build.0 = Debug|Any CPU
		{8F90D062-527F-4CB5-BBA8-0C0427B77FB6}.Debug|x64.ActiveCfg = Debug|Any CPU
		{8F90D062-527F-4CB5-BBA8-0C0427B77FB6}.Debug|x64.Build.0 = Debug|Any CPU
		{8F90D062-527F-4CB5-BBA8-0C0427B77FB6}.Debug|x86.ActiveCfg = Debug|Any CPU
		{8F90D062-527F-4CB5-BBA8-0C0427B77FB6}.Debug|x86.Build.0 = Debug|Any CPU
		{8F90D062-527F-4CB5-BBA8-0C0427B77FB6}.Release|Any CPU.ActiveCfg = Release|Any CPU
		{8F90D062-527F-4CB5-BBA8-0C0427B77FB6}.Release|Any CPU.Build.0 = Release|Any CPU
		{8F90D062-527F-4CB5-BBA8-0C0427B77FB6}.Release|ARM.ActiveCfg = Release|Any CPU
		{8F90D062-527F-4CB5-BBA8-0C0427B77FB6}.Release|ARM.Build.0 = Release|Any CPU
		{8F90D062-527F-4CB5-BBA8-0C0427B77FB6}.Release|ARM64.ActiveCfg = Release|Any CPU
		{8F90D062-527F-4CB5-BBA8-0C0427B77FB6}.Release|ARM64.Build.0 = Release|Any CPU
		{8F90D062-527F-4CB5-BBA8-0C0427B77FB6}.Release|x64.ActiveCfg = Release|Any CPU
		{8F90D062-527F-4CB5-BBA8-0C0427B77FB6}.Release|x64.Build.0 = Release|Any CPU
		{8F90D062-527F-4CB5-BBA8-0C0427B77FB6}.Release|x86.ActiveCfg = Release|Any CPU
		{8F90D062-527F-4CB5-BBA8-0C0427B77FB6}.Release|x86.Build.0 = Release|Any CPU
		{EAA40391-B326-4B2A-885C-2529AF6B7404}.Debug|Any CPU.ActiveCfg = Debug|Any CPU
		{EAA40391-B326-4B2A-885C-2529AF6B7404}.Debug|Any CPU.Build.0 = Debug|Any CPU
		{EAA40391-B326-4B2A-885C-2529AF6B7404}.Debug|ARM.ActiveCfg = Debug|Any CPU
		{EAA40391-B326-4B2A-885C-2529AF6B7404}.Debug|ARM.Build.0 = Debug|Any CPU
		{EAA40391-B326-4B2A-885C-2529AF6B7404}.Debug|ARM64.ActiveCfg = Debug|Any CPU
		{EAA40391-B326-4B2A-885C-2529AF6B7404}.Debug|ARM64.Build.0 = Debug|Any CPU
		{EAA40391-B326-4B2A-885C-2529AF6B7404}.Debug|x64.ActiveCfg = Debug|Any CPU
		{EAA40391-B326-4B2A-885C-2529AF6B7404}.Debug|x64.Build.0 = Debug|Any CPU
		{EAA40391-B326-4B2A-885C-2529AF6B7404}.Debug|x86.ActiveCfg = Debug|Any CPU
		{EAA40391-B326-4B2A-885C-2529AF6B7404}.Debug|x86.Build.0 = Debug|Any CPU
		{EAA40391-B326-4B2A-885C-2529AF6B7404}.Release|Any CPU.ActiveCfg = Release|Any CPU
		{EAA40391-B326-4B2A-885C-2529AF6B7404}.Release|Any CPU.Build.0 = Release|Any CPU
		{EAA40391-B326-4B2A-885C-2529AF6B7404}.Release|ARM.ActiveCfg = Release|Any CPU
		{EAA40391-B326-4B2A-885C-2529AF6B7404}.Release|ARM.Build.0 = Release|Any CPU
		{EAA40391-B326-4B2A-885C-2529AF6B7404}.Release|ARM64.ActiveCfg = Release|Any CPU
		{EAA40391-B326-4B2A-885C-2529AF6B7404}.Release|ARM64.Build.0 = Release|Any CPU
		{EAA40391-B326-4B2A-885C-2529AF6B7404}.Release|x64.ActiveCfg = Release|Any CPU
		{EAA40391-B326-4B2A-885C-2529AF6B7404}.Release|x64.Build.0 = Release|Any CPU
		{EAA40391-B326-4B2A-885C-2529AF6B7404}.Release|x86.ActiveCfg = Release|Any CPU
		{EAA40391-B326-4B2A-885C-2529AF6B7404}.Release|x86.Build.0 = Release|Any CPU
		{7495F4C5-37AE-4180-A8D2-AE8EC9BE3C4B}.Debug|Any CPU.ActiveCfg = Debug|Any CPU
		{7495F4C5-37AE-4180-A8D2-AE8EC9BE3C4B}.Debug|Any CPU.Build.0 = Debug|Any CPU
		{7495F4C5-37AE-4180-A8D2-AE8EC9BE3C4B}.Debug|ARM.ActiveCfg = Debug|Any CPU
		{7495F4C5-37AE-4180-A8D2-AE8EC9BE3C4B}.Debug|ARM.Build.0 = Debug|Any CPU
		{7495F4C5-37AE-4180-A8D2-AE8EC9BE3C4B}.Debug|ARM64.ActiveCfg = Debug|Any CPU
		{7495F4C5-37AE-4180-A8D2-AE8EC9BE3C4B}.Debug|ARM64.Build.0 = Debug|Any CPU
		{7495F4C5-37AE-4180-A8D2-AE8EC9BE3C4B}.Debug|x64.ActiveCfg = Debug|Any CPU
		{7495F4C5-37AE-4180-A8D2-AE8EC9BE3C4B}.Debug|x64.Build.0 = Debug|Any CPU
		{7495F4C5-37AE-4180-A8D2-AE8EC9BE3C4B}.Debug|x86.ActiveCfg = Debug|Any CPU
		{7495F4C5-37AE-4180-A8D2-AE8EC9BE3C4B}.Debug|x86.Build.0 = Debug|Any CPU
		{7495F4C5-37AE-4180-A8D2-AE8EC9BE3C4B}.Release|Any CPU.ActiveCfg = Release|Any CPU
		{7495F4C5-37AE-4180-A8D2-AE8EC9BE3C4B}.Release|Any CPU.Build.0 = Release|Any CPU
		{7495F4C5-37AE-4180-A8D2-AE8EC9BE3C4B}.Release|ARM.ActiveCfg = Release|Any CPU
		{7495F4C5-37AE-4180-A8D2-AE8EC9BE3C4B}.Release|ARM.Build.0 = Release|Any CPU
		{7495F4C5-37AE-4180-A8D2-AE8EC9BE3C4B}.Release|ARM64.ActiveCfg = Release|Any CPU
		{7495F4C5-37AE-4180-A8D2-AE8EC9BE3C4B}.Release|ARM64.Build.0 = Release|Any CPU
		{7495F4C5-37AE-4180-A8D2-AE8EC9BE3C4B}.Release|x64.ActiveCfg = Release|Any CPU
		{7495F4C5-37AE-4180-A8D2-AE8EC9BE3C4B}.Release|x64.Build.0 = Release|Any CPU
		{7495F4C5-37AE-4180-A8D2-AE8EC9BE3C4B}.Release|x86.ActiveCfg = Release|Any CPU
		{7495F4C5-37AE-4180-A8D2-AE8EC9BE3C4B}.Release|x86.Build.0 = Release|Any CPU
		{B4EEC98C-FB8B-4ED5-90A9-D1C15DF9FEE8}.Debug|Any CPU.ActiveCfg = Debug|Any CPU
		{B4EEC98C-FB8B-4ED5-90A9-D1C15DF9FEE8}.Debug|Any CPU.Build.0 = Debug|Any CPU
		{B4EEC98C-FB8B-4ED5-90A9-D1C15DF9FEE8}.Debug|ARM.ActiveCfg = Debug|Any CPU
		{B4EEC98C-FB8B-4ED5-90A9-D1C15DF9FEE8}.Debug|ARM.Build.0 = Debug|Any CPU
		{B4EEC98C-FB8B-4ED5-90A9-D1C15DF9FEE8}.Debug|ARM64.ActiveCfg = Debug|Any CPU
		{B4EEC98C-FB8B-4ED5-90A9-D1C15DF9FEE8}.Debug|ARM64.Build.0 = Debug|Any CPU
		{B4EEC98C-FB8B-4ED5-90A9-D1C15DF9FEE8}.Debug|x64.ActiveCfg = Debug|Any CPU
		{B4EEC98C-FB8B-4ED5-90A9-D1C15DF9FEE8}.Debug|x64.Build.0 = Debug|Any CPU
		{B4EEC98C-FB8B-4ED5-90A9-D1C15DF9FEE8}.Debug|x86.ActiveCfg = Debug|Any CPU
		{B4EEC98C-FB8B-4ED5-90A9-D1C15DF9FEE8}.Debug|x86.Build.0 = Debug|Any CPU
		{B4EEC98C-FB8B-4ED5-90A9-D1C15DF9FEE8}.Release|Any CPU.ActiveCfg = Release|Any CPU
		{B4EEC98C-FB8B-4ED5-90A9-D1C15DF9FEE8}.Release|Any CPU.Build.0 = Release|Any CPU
		{B4EEC98C-FB8B-4ED5-90A9-D1C15DF9FEE8}.Release|ARM.ActiveCfg = Release|Any CPU
		{B4EEC98C-FB8B-4ED5-90A9-D1C15DF9FEE8}.Release|ARM.Build.0 = Release|Any CPU
		{B4EEC98C-FB8B-4ED5-90A9-D1C15DF9FEE8}.Release|ARM64.ActiveCfg = Release|Any CPU
		{B4EEC98C-FB8B-4ED5-90A9-D1C15DF9FEE8}.Release|ARM64.Build.0 = Release|Any CPU
		{B4EEC98C-FB8B-4ED5-90A9-D1C15DF9FEE8}.Release|x64.ActiveCfg = Release|Any CPU
		{B4EEC98C-FB8B-4ED5-90A9-D1C15DF9FEE8}.Release|x64.Build.0 = Release|Any CPU
		{B4EEC98C-FB8B-4ED5-90A9-D1C15DF9FEE8}.Release|x86.ActiveCfg = Release|Any CPU
		{B4EEC98C-FB8B-4ED5-90A9-D1C15DF9FEE8}.Release|x86.Build.0 = Release|Any CPU
	EndGlobalSection
	GlobalSection(SolutionProperties) = preSolution
		HideSolutionNode = FALSE
	EndGlobalSection
	GlobalSection(NestedProjects) = preSolution
		{81A4B760-0F62-487B-8E27-1891244F0F8E} = {262DA59E-2AA0-4821-A655-E2ED961DF01B}
		{8F90D062-527F-4CB5-BBA8-0C0427B77FB6} = {262DA59E-2AA0-4821-A655-E2ED961DF01B}
		{EAA40391-B326-4B2A-885C-2529AF6B7404} = {262DA59E-2AA0-4821-A655-E2ED961DF01B}
		{7495F4C5-37AE-4180-A8D2-AE8EC9BE3C4B} = {262DA59E-2AA0-4821-A655-E2ED961DF01B}
		{B4EEC98C-FB8B-4ED5-90A9-D1C15DF9FEE8} = {262DA59E-2AA0-4821-A655-E2ED961DF01B}
	EndGlobalSection
	GlobalSection(ExtensibilityGlobals) = postSolution
		SolutionGuid = {1788D0F1-0493-44AB-A700-43A8FF5B0EFA}
	EndGlobalSection
EndGlobal
